// !$*UTF8*$!
{
	archiveVersion = 1;
	classes = {
	};
	objectVersion = 50;
	objects = {

/* Begin PBXBuildFile section */
		6A7354C421A2027C00ED2186 /* 3745.png in Resources */ = {isa = PBXBuildFile; fileRef = 6A7354C321A2027C00ED2186 /* 3745.png */; };
		6A7354C621A2028200ED2186 /* no-audio.png in Resources */ = {isa = PBXBuildFile; fileRef = 6A7354C521A2028200ED2186 /* no-audio.png */; };
		6A7354C821A208AA00ED2186 /* play-button-icon-93570.png in Resources */ = {isa = PBXBuildFile; fileRef = 6A7354C721A208AA00ED2186 /* play-button-icon-93570.png */; };
		6A7354CA21A2095500ED2186 /* fast_forward-512.png in Resources */ = {isa = PBXBuildFile; fileRef = 6A7354C921A2095500ED2186 /* fast_forward-512.png */; };
		6A7354CC21A209DC00ED2186 /* icons_next-512.png in Resources */ = {isa = PBXBuildFile; fileRef = 6A7354CB21A209DB00ED2186 /* icons_next-512.png */; };
		6A7354CE21A20B0B00ED2186 /* backbutton.png in Resources */ = {isa = PBXBuildFile; fileRef = 6A7354CD21A20B0A00ED2186 /* backbutton.png */; };
		6AA7CBDE219B43AC00CAF727 /* AppDelegate.swift in Sources */ = {isa = PBXBuildFile; fileRef = 6AA7CBDD219B43AC00CAF727 /* AppDelegate.swift */; };
		6AA7CBE0219B43AC00CAF727 /* ViewController.swift in Sources */ = {isa = PBXBuildFile; fileRef = 6AA7CBDF219B43AC00CAF727 /* ViewController.swift */; };
		6AA7CBE3219B43AC00CAF727 /* Main.storyboard in Resources */ = {isa = PBXBuildFile; fileRef = 6AA7CBE1219B43AC00CAF727 /* Main.storyboard */; };
		6AA7CBE6219B43AC00CAF727 /* iOS_Music.xcdatamodeld in Sources */ = {isa = PBXBuildFile; fileRef = 6AA7CBE4219B43AC00CAF727 /* iOS_Music.xcdatamodeld */; };
		6AA7CBE8219B43AE00CAF727 /* Assets.xcassets in Resources */ = {isa = PBXBuildFile; fileRef = 6AA7CBE7219B43AE00CAF727 /* Assets.xcassets */; };
		6AA7CBEB219B43AE00CAF727 /* LaunchScreen.storyboard in Resources */ = {isa = PBXBuildFile; fileRef = 6AA7CBE9219B43AE00CAF727 /* LaunchScreen.storyboard */; };
		6AA7CBF3219B481400CAF727 /* GenreScreen.swift in Sources */ = {isa = PBXBuildFile; fileRef = 6AA7CBF2219B481400CAF727 /* GenreScreen.swift */; };
/* End PBXBuildFile section */

/* Begin PBXFileReference section */
		6A7354C321A2027C00ED2186 /* 3745.png */ = {isa = PBXFileReference; lastKnownFileType = image.png; path = 3745.png; sourceTree = "<group>"; };
		6A7354C521A2028200ED2186 /* no-audio.png */ = {isa = PBXFileReference; lastKnownFileType = image.png; path = "no-audio.png"; sourceTree = "<group>"; };
		6A7354C721A208AA00ED2186 /* play-button-icon-93570.png */ = {isa = PBXFileReference; lastKnownFileType = image.png; path = "play-button-icon-93570.png"; sourceTree = "<group>"; };
		6A7354C921A2095500ED2186 /* fast_forward-512.png */ = {isa = PBXFileReference; lastKnownFileType = image.png; path = "fast_forward-512.png"; sourceTree = "<group>"; };
		6A7354CB21A209DB00ED2186 /* icons_next-512.png */ = {isa = PBXFileReference; lastKnownFileType = image.png; path = "icons_next-512.png"; sourceTree = "<group>"; };
		6A7354CD21A20B0A00ED2186 /* backbutton.png */ = {isa = PBXFileReference; lastKnownFileType = image.png; path = backbutton.png; sourceTree = "<group>"; };
		6AA7CBDA219B43AC00CAF727 /* iOS Music.app */ = {isa = PBXFileReference; explicitFileType = wrapper.application; includeInIndex = 0; path = "iOS Music.app"; sourceTree = BUILT_PRODUCTS_DIR; };
		6AA7CBDD219B43AC00CAF727 /* AppDelegate.swift */ = {isa = PBXFileReference; lastKnownFileType = sourcecode.swift; path = AppDelegate.swift; sourceTree = "<group>"; };
		6AA7CBDF219B43AC00CAF727 /* ViewController.swift */ = {isa = PBXFileReference; lastKnownFileType = sourcecode.swift; path = ViewController.swift; sourceTree = "<group>"; };
		6AA7CBE2219B43AC00CAF727 /* Base */ = {isa = PBXFileReference; lastKnownFileType = file.storyboard; name = Base; path = Base.lproj/Main.storyboard; sourceTree = "<group>"; };
		6AA7CBE5219B43AC00CAF727 /* iOS_Music.xcdatamodel */ = {isa = PBXFileReference; lastKnownFileType = wrapper.xcdatamodel; path = iOS_Music.xcdatamodel; sourceTree = "<group>"; };
		6AA7CBE7219B43AE00CAF727 /* Assets.xcassets */ = {isa = PBXFileReference; lastKnownFileType = folder.assetcatalog; path = Assets.xcassets; sourceTree = "<group>"; };
		6AA7CBEA219B43AE00CAF727 /* Base */ = {isa = PBXFileReference; lastKnownFileType = file.storyboard; name = Base; path = Base.lproj/LaunchScreen.storyboard; sourceTree = "<group>"; };
		6AA7CBEC219B43AE00CAF727 /* Info.plist */ = {isa = PBXFileReference; lastKnownFileType = text.plist.xml; path = Info.plist; sourceTree = "<group>"; };
		6AA7CBF2219B481400CAF727 /* GenreScreen.swift */ = {isa = PBXFileReference; lastKnownFileType = sourcecode.swift; path = GenreScreen.swift; sourceTree = "<group>"; };
/* End PBXFileReference section */

/* Begin PBXFrameworksBuildPhase section */
		6AA7CBD7219B43AC00CAF727 /* Frameworks */ = {
			isa = PBXFrameworksBuildPhase;
			buildActionMask = 2147483647;
			files = (
			);
			runOnlyForDeploymentPostprocessing = 0;
		};
/* End PBXFrameworksBuildPhase section */

/* Begin PBXGroup section */
		6A7354C221A2027100ED2186 /* Photos */ = {
			isa = PBXGroup;
			children = (
				6A7354C321A2027C00ED2186 /* 3745.png */,
				6A7354C721A208AA00ED2186 /* play-button-icon-93570.png */,
				6A7354C921A2095500ED2186 /* fast_forward-512.png */,
				6A7354CB21A209DB00ED2186 /* icons_next-512.png */,
				6A7354CD21A20B0A00ED2186 /* backbutton.png */,
				6A7354C521A2028200ED2186 /* no-audio.png */,
			);
			path = Photos;
			sourceTree = "<group>";
		};
		6AA7CBD1219B43AC00CAF727 = {
			isa = PBXGroup;
			children = (
				6AA7CBDC219B43AC00CAF727 /* iOS Music */,
				6AA7CBDB219B43AC00CAF727 /* Products */,
			);
			sourceTree = "<group>";
		};
		6AA7CBDB219B43AC00CAF727 /* Products */ = {
			isa = PBXGroup;
			children = (
				6AA7CBDA219B43AC00CAF727 /* iOS Music.app */,
			);
			name = Products;
			sourceTree = "<group>";
		};
		6AA7CBDC219B43AC00CAF727 /* iOS Music */ = {
			isa = PBXGroup;
			children = (
				6AA7CBDD219B43AC00CAF727 /* AppDelegate.swift */,
				6AA7CBDF219B43AC00CAF727 /* ViewController.swift */,
				6AA7CBF2219B481400CAF727 /* GenreScreen.swift */,
				6AA7CBE1219B43AC00CAF727 /* Main.storyboard */,
				6AA7CBE7219B43AE00CAF727 /* Assets.xcassets */,
				6A7354C221A2027100ED2186 /* Photos */,
				6AA7CBE9219B43AE00CAF727 /* LaunchScreen.storyboard */,
				6AA7CBEC219B43AE00CAF727 /* Info.plist */,
				6AA7CBE4219B43AC00CAF727 /* iOS_Music.xcdatamodeld */,
			);
			path = "iOS Music";
			sourceTree = "<group>";
		};
/* End PBXGroup section */

/* Begin PBXNativeTarget section */
		6AA7CBD9219B43AC00CAF727 /* iOS Music */ = {
			isa = PBXNativeTarget;
			buildConfigurationList = 6AA7CBEF219B43AE00CAF727 /* Build configuration list for PBXNativeTarget "iOS Music" */;
			buildPhases = (
				6AA7CBD6219B43AC00CAF727 /* Sources */,
				6AA7CBD7219B43AC00CAF727 /* Frameworks */,
				6AA7CBD8219B43AC00CAF727 /* Resources */,
			);
			buildRules = (
			);
			dependencies = (
			);
			name = "iOS Music";
			productName = "iOS Music";
			productReference = 6AA7CBDA219B43AC00CAF727 /* iOS Music.app */;
			productType = "com.apple.product-type.application";
		};
/* End PBXNativeTarget section */

/* Begin PBXProject section */
		6AA7CBD2219B43AC00CAF727 /* Project object */ = {
			isa = PBXProject;
			attributes = {
				LastSwiftUpdateCheck = 1010;
				LastUpgradeCheck = 1010;
				ORGANIZATIONNAME = "Nolan Fuchs";
				TargetAttributes = {
					6AA7CBD9219B43AC00CAF727 = {
						CreatedOnToolsVersion = 10.1;
					};
				};
			};
			buildConfigurationList = 6AA7CBD5219B43AC00CAF727 /* Build configuration list for PBXProject "iOS Music" */;
			compatibilityVersion = "Xcode 9.3";
			developmentRegion = en;
			hasScannedForEncodings = 0;
			knownRegions = (
				en,
				Base,
			);
			mainGroup = 6AA7CBD1219B43AC00CAF727;
			productRefGroup = 6AA7CBDB219B43AC00CAF727 /* Products */;
			projectDirPath = "";
			projectRoot = "";
			targets = (
				6AA7CBD9219B43AC00CAF727 /* iOS Music */,
			);
		};
/* End PBXProject section */

/* Begin PBXResourcesBuildPhase section */
		6AA7CBD8219B43AC00CAF727 /* Resources */ = {
			isa = PBXResourcesBuildPhase;
			buildActionMask = 2147483647;
			files = (
				6AA7CBEB219B43AE00CAF727 /* LaunchScreen.storyboard in Resources */,
				6A7354C821A208AA00ED2186 /* play-button-icon-93570.png in Resources */,
				6AA7CBE8219B43AE00CAF727 /* Assets.xcassets in Resources */,
				6A7354CA21A2095500ED2186 /* fast_forward-512.png in Resources */,
				6A7354CC21A209DC00ED2186 /* icons_next-512.png in Resources */,
				6A7354C421A2027C00ED2186 /* 3745.png in Resources */,
				6A7354CE21A20B0B00ED2186 /* backbutton.png in Resources */,
				6AA7CBE3219B43AC00CAF727 /* Main.storyboard in Resources */,
				6A7354C621A2028200ED2186 /* no-audio.png in Resources */,
			);
			runOnlyForDeploymentPostprocessing = 0;
		};
/* End PBXResourcesBuildPhase section */

/* Begin PBXSourcesBuildPhase section */
		6AA7CBD6219B43AC00CAF727 /* Sources */ = {
			isa = PBXSourcesBuildPhase;
			buildActionMask = 2147483647;
			files = (
				6AA7CBE0219B43AC00CAF727 /* ViewController.swift in Sources */,
				6AA7CBF3219B481400CAF727 /* GenreScreen.swift in Sources */,
				6AA7CBDE219B43AC00CAF727 /* AppDelegate.swift in Sources */,
				6AA7CBE6219B43AC00CAF727 /* iOS_Music.xcdatamodeld in Sources */,
			);
			runOnlyForDeploymentPostprocessing = 0;
		};
/* End PBXSourcesBuildPhase section */

/* Begin PBXVariantGroup section */
		6AA7CBE1219B43AC00CAF727 /* Main.storyboard */ = {
			isa = PBXVariantGroup;
			children = (
				6AA7CBE2219B43AC00CAF727 /* Base */,
			);
			name = Main.storyboard;
			sourceTree = "<group>";
		};
		6AA7CBE9219B43AE00CAF727 /* LaunchScreen.storyboard */ = {
			isa = PBXVariantGroup;
			children = (
				6AA7CBEA219B43AE00CAF727 /* Base */,
			);
			name = LaunchScreen.storyboard;
			sourceTree = "<group>";
		};
/* End PBXVariantGroup section */

/* Begin XCBuildConfiguration section */
		6AA7CBED219B43AE00CAF727 /* Debug */ = {
			isa = XCBuildConfiguration;
			buildSettings = {
				ALWAYS_SEARCH_USER_PATHS = NO;
				CLANG_ANALYZER_NONNULL = YES;
				CLANG_ANALYZER_NUMBER_OBJECT_CONVERSION = YES_AGGRESSIVE;
				CLANG_CXX_LANGUAGE_STANDARD = "gnu++14";
				CLANG_CXX_LIBRARY = "libc++";
				CLANG_ENABLE_MODULES = YES;
				CLANG_ENABLE_OBJC_ARC = YES;
				CLANG_ENABLE_OBJC_WEAK = YES;
				CLANG_WARN_BLOCK_CAPTURE_AUTORELEASING = YES;
				CLANG_WARN_BOOL_CONVERSION = YES;
				CLANG_WARN_COMMA = YES;
				CLANG_WARN_CONSTANT_CONVERSION = YES;
				CLANG_WARN_DEPRECATED_OBJC_IMPLEMENTATIONS = YES;
				CLANG_WARN_DIRECT_OBJC_ISA_USAGE = YES_ERROR;
				CLANG_WARN_DOCUMENTATION_COMMENTS = YES;
				CLANG_WARN_EMPTY_BODY = YES;
				CLANG_WARN_ENUM_CONVERSION = YES;
				CLANG_WARN_INFINITE_RECURSION = YES;
				CLANG_WARN_INT_CONVERSION = YES;
				CLANG_WARN_NON_LITERAL_NULL_CONVERSION = YES;
				CLANG_WARN_OBJC_IMPLICIT_RETAIN_SELF = YES;
				CLANG_WARN_OBJC_LITERAL_CONVERSION = YES;
				CLANG_WARN_OBJC_ROOT_CLASS = YES_ERROR;
				CLANG_WARN_RANGE_LOOP_ANALYSIS = YES;
				CLANG_WARN_STRICT_PROTOTYPES = YES;
				CLANG_WARN_SUSPICIOUS_MOVE = YES;
				CLANG_WARN_UNGUARDED_AVAILABILITY = YES_AGGRESSIVE;
				CLANG_WARN_UNREACHABLE_CODE = YES;
				CLANG_WARN__DUPLICATE_METHOD_MATCH = YES;
				CODE_SIGN_IDENTITY = "iPhone Developer";
				COPY_PHASE_STRIP = NO;
				DEBUG_INFORMATION_FORMAT = dwarf;
				ENABLE_STRICT_OBJC_MSGSEND = YES;
				ENABLE_TESTABILITY = YES;
				GCC_C_LANGUAGE_STANDARD = gnu11;
				GCC_DYNAMIC_NO_PIC = NO;
				GCC_NO_COMMON_BLOCKS = YES;
				GCC_OPTIMIZATION_LEVEL = 0;
				GCC_PREPROCESSOR_DEFINITIONS = (
					"DEBUG=1",
					"$(inherited)",
				);
				GCC_WARN_64_TO_32_BIT_CONVERSION = YES;
				GCC_WARN_ABOUT_RETURN_TYPE = YES_ERROR;
				GCC_WARN_UNDECLARED_SELECTOR = YES;
				GCC_WARN_UNINITIALIZED_AUTOS = YES_AGGRESSIVE;
				GCC_WARN_UNUSED_FUNCTION = YES;
				GCC_WARN_UNUSED_VARIABLE = YES;
				IPHONEOS_DEPLOYMENT_TARGET = 12.1;
				MTL_ENABLE_DEBUG_INFO = INCLUDE_SOURCE;
				MTL_FAST_MATH = YES;
				ONLY_ACTIVE_ARCH = YES;
				SDKROOT = iphoneos;
				SWIFT_ACTIVE_COMPILATION_CONDITIONS = DEBUG;
				SWIFT_OPTIMIZATION_LEVEL = "-Onone";
			};
			name = Debug;
		};
		6AA7CBEE219B43AE00CAF727 /* Release */ = {
			isa = XCBuildConfiguration;
			buildSettings = {
				ALWAYS_SEARCH_USER_PATHS = NO;
				CLANG_ANALYZER_NONNULL = YES;
				CLANG_ANALYZER_NUMBER_OBJECT_CONVERSION = YES_AGGRESSIVE;
				CLANG_CXX_LANGUAGE_STANDARD = "gnu++14";
				CLANG_CXX_LIBRARY = "libc++";
				CLANG_ENABLE_MODULES = YES;
				CLANG_ENABLE_OBJC_ARC = YES;
				CLANG_ENABLE_OBJC_WEAK = YES;
				CLANG_WARN_BLOCK_CAPTURE_AUTORELEASING = YES;
				CLANG_WARN_BOOL_CONVERSION = YES;
				CLANG_WARN_COMMA = YES;
				CLANG_WARN_CONSTANT_CONVERSION = YES;
				CLANG_WARN_DEPRECATED_OBJC_IMPLEMENTATIONS = YES;
				CLANG_WARN_DIRECT_OBJC_ISA_USAGE = YES_ERROR;
				CLANG_WARN_DOCUMENTATION_COMMENTS = YES;
				CLANG_WARN_EMPTY_BODY = YES;
				CLANG_WARN_ENUM_CONVERSION = YES;
				CLANG_WARN_INFINITE_RECURSION = YES;
				CLANG_WARN_INT_CONVERSION = YES;
				CLANG_WARN_NON_LITERAL_NULL_CONVERSION = YES;
				CLANG_WARN_OBJC_IMPLICIT_RETAIN_SELF = YES;
				CLANG_WARN_OBJC_LITERAL_CONVERSION = YES;
				CLANG_WARN_OBJC_ROOT_CLASS = YES_ERROR;
				CLANG_WARN_RANGE_LOOP_ANALYSIS = YES;
				CLANG_WARN_STRICT_PROTOTYPES = YES;
				CLANG_WARN_SUSPICIOUS_MOVE = YES;
				CLANG_WARN_UNGUARDED_AVAILABILITY = YES_AGGRESSIVE;
				CLANG_WARN_UNREACHABLE_CODE = YES;
				CLANG_WARN__DUPLICATE_METHOD_MATCH = YES;
				CODE_SIGN_IDENTITY = "iPhone Developer";
				COPY_PHASE_STRIP = NO;
				DEBUG_INFORMATION_FORMAT = "dwarf-with-dsym";
				ENABLE_NS_ASSERTIONS = NO;
				ENABLE_STRICT_OBJC_MSGSEND = YES;
				GCC_C_LANGUAGE_STANDARD = gnu11;
				GCC_NO_COMMON_BLOCKS = YES;
				GCC_WARN_64_TO_32_BIT_CONVERSION = YES;
				GCC_WARN_ABOUT_RETURN_TYPE = YES_ERROR;
				GCC_WARN_UNDECLARED_SELECTOR = YES;
				GCC_WARN_UNINITIALIZED_AUTOS = YES_AGGRESSIVE;
				GCC_WARN_UNUSED_FUNCTION = YES;
				GCC_WARN_UNUSED_VARIABLE = YES;
				IPHONEOS_DEPLOYMENT_TARGET = 12.1;
				MTL_ENABLE_DEBUG_INFO = NO;
				MTL_FAST_MATH = YES;
				SDKROOT = iphoneos;
				SWIFT_COMPILATION_MODE = wholemodule;
				SWIFT_OPTIMIZATION_LEVEL = "-O";
				VALIDATE_PRODUCT = YES;
			};
			name = Release;
		};
		6AA7CBF0219B43AE00CAF727 /* Debug */ = {
			isa = XCBuildConfiguration;
			buildSettings = {
				ASSETCATALOG_COMPILER_APPICON_NAME = AppIcon;
				CODE_SIGN_STYLE = Automatic;
				DEVELOPMENT_TEAM = J9S8P7XX49;
				INFOPLIST_FILE = "iOS Music/Info.plist";
				IPHONEOS_DEPLOYMENT_TARGET = 12.0;
				LD_RUNPATH_SEARCH_PATHS = (
					"$(inherited)",
					"@executable_path/Frameworks",
				);
				PRODUCT_BUNDLE_IDENTIFIER = "com.NolanFuchs.iOS-Music";
				PRODUCT_NAME = "$(TARGET_NAME)";
				SWIFT_VERSION = 4.2;
				TARGETED_DEVICE_FAMILY = 1;
			};
			name = Debug;
		};
		6AA7CBF1219B43AE00CAF727 /* Release */ = {
			isa = XCBuildConfiguration;
			buildSettings = {
				ASSETCATALOG_COMPILER_APPICON_NAME = AppIcon;
				CODE_SIGN_STYLE = Automatic;
				DEVELOPMENT_TEAM = J9S8P7XX49;
				INFOPLIST_FILE = "iOS Music/Info.plist";
				IPHONEOS_DEPLOYMENT_TARGET = 12.0;
				LD_RUNPATH_SEARCH_PATHS = (
					"$(inherited)",
					"@executable_path/Frameworks",
				);
				PRODUCT_BUNDLE_IDENTIFIER = "com.NolanFuchs.iOS-Music";
				PRODUCT_NAME = "$(TARGET_NAME)";
				SWIFT_VERSION = 4.2;
				TARGETED_DEVICE_FAMILY = 1;
			};
			name = Release;
		};
/* End XCBuildConfiguration section */

/* Begin XCConfigurationList section */
		6AA7CBD5219B43AC00CAF727 /* Build configuration list for PBXProject "iOS Music" */ = {
			isa = XCConfigurationList;
			buildConfigurations = (
				6AA7CBED219B43AE00CAF727 /* Debug */,
				6AA7CBEE219B43AE00CAF727 /* Release */,
			);
			defaultConfigurationIsVisible = 0;
			defaultConfigurationName = Release;
		};
		6AA7CBEF219B43AE00CAF727 /* Build configuration list for PBXNativeTarget "iOS Music" */ = {
			isa = XCConfigurationList;
			buildConfigurations = (
				6AA7CBF0219B43AE00CAF727 /* Debug */,
				6AA7CBF1219B43AE00CAF727 /* Release */,
			);
			defaultConfigurationIsVisible = 0;
			defaultConfigurationName = Release;
		};
/* End XCConfigurationList section */

/* Begin XCVersionGroup section */
		6AA7CBE4219B43AC00CAF727 /* iOS_Music.xcdatamodeld */ = {
			isa = XCVersionGroup;
			children = (
				6AA7CBE5219B43AC00CAF727 /* iOS_Music.xcdatamodel */,
			);
			currentVersion = 6AA7CBE5219B43AC00CAF727 /* iOS_Music.xcdatamodel */;
			path = iOS_Music.xcdatamodeld;
			sourceTree = "<group>";
			versionGroupType = wrapper.xcdatamodel;
		};
/* End XCVersionGroup section */
	};
	rootObject = 6AA7CBD2219B43AC00CAF727 /* Project object */;
}
